// !$*UTF8*$!
{
	archiveVersion = 1;
	classes = {
	};
	objectVersion = 46;
	objects = {

/* Begin PBXBuildFile section */
		9CC2DCF61DFB625000EB0B0E /* AppDelegate.swift in Sources */ = {isa = PBXBuildFile; fileRef = 9CC2DCF51DFB625000EB0B0E /* AppDelegate.swift */; };
		9CC2DCF81DFB625000EB0B0E /* ViewController.swift in Sources */ = {isa = PBXBuildFile; fileRef = 9CC2DCF71DFB625000EB0B0E /* ViewController.swift */; };
		9CC2DCFB1DFB625100EB0B0E /* Main.storyboard in Resources */ = {isa = PBXBuildFile; fileRef = 9CC2DCF91DFB625100EB0B0E /* Main.storyboard */; };
		9CC2DCFD1DFB625100EB0B0E /* Assets.xcassets in Resources */ = {isa = PBXBuildFile; fileRef = 9CC2DCFC1DFB625100EB0B0E /* Assets.xcassets */; };
		9CC2DD001DFB625100EB0B0E /* LaunchScreen.storyboard in Resources */ = {isa = PBXBuildFile; fileRef = 9CC2DCFE1DFB625100EB0B0E /* LaunchScreen.storyboard */; };
		9CC2DD091DFB646800EB0B0E /* libsqlite3.0.tbd in Frameworks */ = {isa = PBXBuildFile; fileRef = 9CC2DD081DFB646800EB0B0E /* libsqlite3.0.tbd */; };
		9CC2DD0B1DFB8BC700EB0B0E /* Database.swift in Sources */ = {isa = PBXBuildFile; fileRef = 9CC2DD0A1DFB8BC700EB0B0E /* Database.swift */; };
/* End PBXBuildFile section */

/* Begin PBXFileReference section */
		9CC2DCF21DFB625000EB0B0E /* SwiftSqlite.app */ = {isa = PBXFileReference; explicitFileType = wrapper.application; includeInIndex = 0; path = SwiftSqlite.app; sourceTree = BUILT_PRODUCTS_DIR; };
		9CC2DCF51DFB625000EB0B0E /* AppDelegate.swift */ = {isa = PBXFileReference; lastKnownFileType = sourcecode.swift; path = AppDelegate.swift; sourceTree = "<group>"; };
		9CC2DCF71DFB625000EB0B0E /* ViewController.swift */ = {isa = PBXFileReference; lastKnownFileType = sourcecode.swift; path = ViewController.swift; sourceTree = "<group>"; };
		9CC2DCFA1DFB625100EB0B0E /* Base */ = {isa = PBXFileReference; lastKnownFileType = file.storyboard; name = Base; path = Base.lproj/Main.storyboard; sourceTree = "<group>"; };
		9CC2DCFC1DFB625100EB0B0E /* Assets.xcassets */ = {isa = PBXFileReference; lastKnownFileType = folder.assetcatalog; path = Assets.xcassets; sourceTree = "<group>"; };
		9CC2DCFF1DFB625100EB0B0E /* Base */ = {isa = PBXFileReference; lastKnownFileType = file.storyboard; name = Base; path = Base.lproj/LaunchScreen.storyboard; sourceTree = "<group>"; };
		9CC2DD011DFB625100EB0B0E /* Info.plist */ = {isa = PBXFileReference; lastKnownFileType = text.plist.xml; path = Info.plist; sourceTree = "<group>"; };
		9CC2DD081DFB646800EB0B0E /* libsqlite3.0.tbd */ = {isa = PBXFileReference; lastKnownFileType = "sourcecode.text-based-dylib-definition"; name = libsqlite3.0.tbd; path = usr/lib/libsqlite3.0.tbd; sourceTree = SDKROOT; };
		9CC2DD0A1DFB8BC700EB0B0E /* Database.swift */ = {isa = PBXFileReference; fileEncoding = 4; lastKnownFileType = sourcecode.swift; path = Database.swift; sourceTree = "<group>"; };
		9CC2DD0C1DFB912700EB0B0E /* SwiftSqlite-Bridging-Header.h */ = {isa = PBXFileReference; lastKnownFileType = sourcecode.c.h; path = "SwiftSqlite-Bridging-Header.h"; sourceTree = "<group>"; };
/* End PBXFileReference section */

/* Begin PBXFrameworksBuildPhase section */
		9CC2DCEF1DFB625000EB0B0E /* Frameworks */ = {
			isa = PBXFrameworksBuildPhase;
			buildActionMask = 2147483647;
			files = (
				9CC2DD091DFB646800EB0B0E /* libsqlite3.0.tbd in Frameworks */,
			);
			runOnlyForDeploymentPostprocessing = 0;
		};
/* End PBXFrameworksBuildPhase section */

/* Begin PBXGroup section */
		9CC2DCE91DFB624F00EB0B0E = {
			isa = PBXGroup;
			children = (
				9CC2DCF41DFB625000EB0B0E /* SwiftSqlite */,
				9CC2DCF31DFB625000EB0B0E /* Products */,
				9CC2DD071DFB646800EB0B0E /* Frameworks */,
			);
			sourceTree = "<group>";
		};
		9CC2DCF31DFB625000EB0B0E /* Products */ = {
			isa = PBXGroup;
			children = (
				9CC2DCF21DFB625000EB0B0E /* SwiftSqlite.app */,
			);
			name = Products;
			sourceTree = "<group>";
		};
		9CC2DCF41DFB625000EB0B0E /* SwiftSqlite */ = {
			isa = PBXGroup;
			children = (
				9CC2DCF51DFB625000EB0B0E /* AppDelegate.swift */,
				9CC2DCF71DFB625000EB0B0E /* ViewController.swift */,
				9CC2DCF91DFB625100EB0B0E /* Main.storyboard */,
				9CC2DCFC1DFB625100EB0B0E /* Assets.xcassets */,
				9CC2DCFE1DFB625100EB0B0E /* LaunchScreen.storyboard */,
				9CC2DD011DFB625100EB0B0E /* Info.plist */,
				9CC2DD0A1DFB8BC700EB0B0E /* Database.swift */,
				9CC2DD0C1DFB912700EB0B0E /* SwiftSqlite-Bridging-Header.h */,
			);
			path = SwiftSqlite;
			sourceTree = "<group>";
		};
		9CC2DD071DFB646800EB0B0E /* Frameworks */ = {
			isa = PBXGroup;
			children = (
				9CC2DD081DFB646800EB0B0E /* libsqlite3.0.tbd */,
			);
			name = Frameworks;
			sourceTree = "<group>";
		};
/* End PBXGroup section */

/* Begin PBXNativeTarget section */
		9CC2DCF11DFB625000EB0B0E /* SwiftSqlite */ = {
			isa = PBXNativeTarget;
			buildConfigurationList = 9CC2DD041DFB625100EB0B0E /* Build configuration list for PBXNativeTarget "SwiftSqlite" */;
			buildPhases = (
				9CC2DCEE1DFB625000EB0B0E /* Sources */,
				9CC2DCEF1DFB625000EB0B0E /* Frameworks */,
				9CC2DCF01DFB625000EB0B0E /* Resources */,
			);
			buildRules = (
			);
			dependencies = (
			);
			name = SwiftSqlite;
			productName = SwiftSqlite;
			productReference = 9CC2DCF21DFB625000EB0B0E /* SwiftSqlite.app */;
			productType = "com.apple.product-type.application";
		};
/* End PBXNativeTarget section */

/* Begin PBXProject section */
		9CC2DCEA1DFB624F00EB0B0E /* Project object */ = {
			isa = PBXProject;
			attributes = {
				LastSwiftUpdateCheck = 0810;
				LastUpgradeCheck = 0810;
				ORGANIZATIONNAME = "Marcelo Sampaio";
				TargetAttributes = {
					9CC2DCF11DFB625000EB0B0E = {
						CreatedOnToolsVersion = 8.1;
						DevelopmentTeam = 5U294U2N56;
						ProvisioningStyle = Automatic;
					};
				};
			};
			buildConfigurationList = 9CC2DCED1DFB625000EB0B0E /* Build configuration list for PBXProject "SwiftSqlite" */;
			compatibilityVersion = "Xcode 3.2";
			developmentRegion = English;
			hasScannedForEncodings = 0;
			knownRegions = (
				en,
				Base,
			);
			mainGroup = 9CC2DCE91DFB624F00EB0B0E;
			productRefGroup = 9CC2DCF31DFB625000EB0B0E /* Products */;
			projectDirPath = "";
			projectRoot = "";
			targets = (
				9CC2DCF11DFB625000EB0B0E /* SwiftSqlite */,
			);
		};
/* End PBXProject section */

/* Begin PBXResourcesBuildPhase section */
		9CC2DCF01DFB625000EB0B0E /* Resources */ = {
			isa = PBXResourcesBuildPhase;
			buildActionMask = 2147483647;
			files = (
				9CC2DD001DFB625100EB0B0E /* LaunchScreen.storyboard in Resources */,
				9CC2DCFD1DFB625100EB0B0E /* Assets.xcassets in Resources */,
				9CC2DCFB1DFB625100EB0B0E /* Main.storyboard in Resources */,
			);
			runOnlyForDeploymentPostprocessing = 0;
		};
/* End PBXResourcesBuildPhase section */

/* Begin PBXSourcesBuildPhase section */
		9CC2DCEE1DFB625000EB0B0E /* Sources */ = {
			isa = PBXSourcesBuildPhase;
			buildActionMask = 2147483647;
			files = (
				9CC2DD0B1DFB8BC700EB0B0E /* Database.swift in Sources */,
				9CC2DCF81DFB625000EB0B0E /* ViewController.swift in Sources */,
				9CC2DCF61DFB625000EB0B0E /* AppDelegate.swift in Sources */,
			);
			runOnlyForDeploymentPostprocessing = 0;
		};
/* End PBXSourcesBuildPhase section */

/* Begin PBXVariantGroup section */
		9CC2DCF91DFB625100EB0B0E /* Main.storyboard */ = {
			isa = PBXVariantGroup;
			children = (
				9CC2DCFA1DFB625100EB0B0E /* Base */,
			);
			name = Main.storyboard;
			sourceTree = "<group>";
		};
		9CC2DCFE1DFB625100EB0B0E /* LaunchScreen.storyboard */ = {
			isa = PBXVariantGroup;
			children = (
				9CC2DCFF1DFB625100EB0B0E /* Base */,
			);
			name = LaunchScreen.storyboard;
			sourceTree = "<group>";
		};
/* End PBXVariantGroup section */

/* Begin XCBuildConfiguration section */
		9CC2DD021DFB625100EB0B0E /* Debug */ = {
			isa = XCBuildConfiguration;
			buildSettings = {
				ALWAYS_SEARCH_USER_PATHS = NO;
				CLANG_ANALYZER_NONNULL = YES;
				CLANG_CXX_LANGUAGE_STANDARD = "gnu++0x";
				CLANG_CXX_LIBRARY = "libc++";
				CLANG_ENABLE_MODULES = YES;
				CLANG_ENABLE_OBJC_ARC = YES;
				CLANG_WARN_BOOL_CONVERSION = YES;
				CLANG_WARN_CONSTANT_CONVERSION = YES;
				CLANG_WARN_DIRECT_OBJC_ISA_USAGE = YES_ERROR;
				CLANG_WARN_DOCUMENTATION_COMMENTS = YES;
				CLANG_WARN_EMPTY_BODY = YES;
				CLANG_WARN_ENUM_CONVERSION = YES;
				CLANG_WARN_INFINITE_RECURSION = YES;
				CLANG_WARN_INT_CONVERSION = YES;
				CLANG_WARN_OBJC_ROOT_CLASS = YES_ERROR;
				CLANG_WARN_SUSPICIOUS_MOVES = YES;
				CLANG_WARN_UNREACHABLE_CODE = YES;
				CLANG_WARN__DUPLICATE_METHOD_MATCH = YES;
				"CODE_SIGN_IDENTITY[sdk=iphoneos*]" = "iPhone Developer";
				COPY_PHASE_STRIP = NO;
				DEBUG_INFORMATION_FORMAT = dwarf;
				ENABLE_STRICT_OBJC_MSGSEND = YES;
				ENABLE_TESTABILITY = YES;
				GCC_C_LANGUAGE_STANDARD = gnu99;
				GCC_DYNAMIC_NO_PIC = NO;
				GCC_NO_COMMON_BLOCKS = YES;
				GCC_OPTIMIZATION_LEVEL = 0;
				GCC_PREPROCESSOR_DEFINITIONS = (
					"DEBUG=1",
					"$(inherited)",
				);
				GCC_WARN_64_TO_32_BIT_CONVERSION = YES;
				GCC_WARN_ABOUT_RETURN_TYPE = YES_ERROR;
				GCC_WARN_UNDECLARED_SELECTOR = YES;
				GCC_WARN_UNINITIALIZED_AUTOS = YES_AGGRESSIVE;
				GCC_WARN_UNUSED_FUNCTION = YES;
				GCC_WARN_UNUSED_VARIABLE = YES;
				IPHONEOS_DEPLOYMENT_TARGET = 10.1;
				MTL_ENABLE_DEBUG_INFO = YES;
				ONLY_ACTIVE_ARCH = YES;
				SDKROOT = iphoneos;
				SWIFT_ACTIVE_COMPILATION_CONDITIONS = DEBUG;
				SWIFT_OPTIMIZATION_LEVEL = "-Onone";
				TARGETED_DEVICE_FAMILY = "1,2";
			};
			name = Debug;
		};
		9CC2DD031DFB625100EB0B0E /* Release */ = {
			isa = XCBuildConfiguration;
			buildSettings = {
				ALWAYS_SEARCH_USER_PATHS = NO;
				CLANG_ANALYZER_NONNULL = YES;
				CLANG_CXX_LANGUAGE_STANDARD = "gnu++0x";
				CLANG_CXX_LIBRARY = "libc++";
				CLANG_ENABLE_MODULES = YES;
				CLANG_ENABLE_OBJC_ARC = YES;
				CLANG_WARN_BOOL_CONVERSION = YES;
				CLANG_WARN_CONSTANT_CONVERSION = YES;
				CLANG_WARN_DIRECT_OBJC_ISA_USAGE = YES_ERROR;
				CLANG_WARN_DOCUMENTATION_COMMENTS = YES;
				CLANG_WARN_EMPTY_BODY = YES;
				CLANG_WARN_ENUM_CONVERSION = YES;
				CLANG_WARN_INFINITE_RECURSION = YES;
				CLANG_WARN_INT_CONVERSION = YES;
				CLANG_WARN_OBJC_ROOT_CLASS = YES_ERROR;
				CLANG_WARN_SUSPICIOUS_MOVES = YES;
				CLANG_WARN_UNREACHABLE_CODE = YES;
				CLANG_WARN__DUPLICATE_METHOD_MATCH = YES;
				"CODE_SIGN_IDENTITY[sdk=iphoneos*]" = "iPhone Developer";
				COPY_PHASE_STRIP = NO;
				DEBUG_INFORMATION_FORMAT = "dwarf-with-dsym";
				ENABLE_NS_ASSERTIONS = NO;
				ENABLE_STRICT_OBJC_MSGSEND = YES;
				GCC_C_LANGUAGE_STANDARD = gnu99;
				GCC_NO_COMMON_BLOCKS = YES;
				GCC_WARN_64_TO_32_BIT_CONVERSION = YES;
				GCC_WARN_ABOUT_RETURN_TYPE = YES_ERROR;
				GCC_WARN_UNDECLARED_SELECTOR = YES;
				GCC_WARN_UNINITIALIZED_AUTOS = YES_AGGRESSIVE;
				GCC_WARN_UNUSED_FUNCTION = YES;
				GCC_WARN_UNUSED_VARIABLE = YES;
				IPHONEOS_DEPLOYMENT_TARGET = 10.1;
				MTL_ENABLE_DEBUG_INFO = NO;
				SDKROOT = iphoneos;
				SWIFT_OPTIMIZATION_LEVEL = "-Owholemodule";
				TARGETED_DEVICE_FAMILY = "1,2";
				VALIDATE_PRODUCT = YES;
			};
			name = Release;
		};
		9CC2DD051DFB625100EB0B0E /* Debug */ = {
			isa = XCBuildConfiguration;
			buildSettings = {
				ASSETCATALOG_COMPILER_APPICON_NAME = AppIcon;
				DEVELOPMENT_TEAM = 5U294U2N56;
				INFOPLIST_FILE = SwiftSqlite/Info.plist;
				LD_RUNPATH_SEARCH_PATHS = "$(inherited) @executable_path/Frameworks";
				PRODUCT_BUNDLE_IDENTIFIER = MAS.SwiftSqlite;
				PRODUCT_NAME = "$(TARGET_NAME)";
				SWIFT_OBJC_BRIDGING_HEADER = "SwiftSqlite/SwiftSqlite-Bridging-Header.h";
				SWIFT_VERSION = 3.0;
			};
			name = Debug;
		};
		9CC2DD061DFB625100EB0B0E /* Release */ = {
			isa = XCBuildConfiguration;
			buildSettings = {
				ASSETCATALOG_COMPILER_APPICON_NAME = AppIcon;
				DEVELOPMENT_TEAM = 5U294U2N56;
				INFOPLIST_FILE = SwiftSqlite/Info.plist;
				LD_RUNPATH_SEARCH_PATHS = "$(inherited) @executable_path/Frameworks";
				PRODUCT_BUNDLE_IDENTIFIER = MAS.SwiftSqlite;
				PRODUCT_NAME = "$(TARGET_NAME)";
				SWIFT_OBJC_BRIDGING_HEADER = "SwiftSqlite/SwiftSqlite-Bridging-Header.h";
				SWIFT_VERSION = 3.0;
			};
			name = Release;
		};
/* End XCBuildConfiguration section */

/* Begin XCConfigurationList section */
		9CC2DCED1DFB625000EB0B0E /* Build configuration list for PBXProject "SwiftSqlite" */ = {
			isa = XCConfigurationList;
			buildConfigurations = (
				9CC2DD021DFB625100EB0B0E /* Debug */,
				9CC2DD031DFB625100EB0B0E /* Release */,
			);
			defaultConfigurationIsVisible = 0;
			defaultConfigurationName = Release;
		};
		9CC2DD041DFB625100EB0B0E /* Build configuration list for PBXNativeTarget "SwiftSqlite" */ = {
			isa = XCConfigurationList;
			buildConfigurations = (
				9CC2DD051DFB625100EB0B0E /* Debug */,
				9CC2DD061DFB625100EB0B0E /* Release */,
			);
			defaultConfigurationIsVisible = 0;
		};
/* End XCConfigurationList section */
	};
	rootObject = 9CC2DCEA1DFB624F00EB0B0E /* Project object */;
}
